{
  "version": 4,
  "terraform_version": "1.6.1",
  "serial": 7,
  "lineage": "d2f55509-668e-abd6-481f-752271959c55",
  "outputs": {
    "dce-master": {
      "value": [
        "147.228.173.95"
      ],
      "type": [
        "tuple",
        [
          "string"
        ]
      ]
    },
    "microk8s-nodes": {
      "value": [
        "147.228.173.93",
        "147.228.173.96"
      ],
      "type": [
        "tuple",
        [
          "string",
          "string"
        ]
      ]
    }
  },
  "resources": [
    {
      "mode": "managed",
      "type": "local_file",
      "name": "hosts_cfg",
      "provider": "provider[\"registry.terraform.io/hashicorp/local\"]",
      "instances": [
        {
          "schema_version": 0,
          "attributes": {
            "content": "[dce_master]\n147.228.173.95\n\n[dce_nodes]\n147.228.173.93\n147.228.173.96\n\n[all:vars]\nansible_user=nodeadm\n",
            "content_base64": null,
            "content_base64sha256": "gQoTLvILknZ4PxdQgLZFQv+InW2sAiFuMkHjmnQwVDE=",
            "content_base64sha512": "g4BL8oz7LCMsXHOgw2Wi0Wjq1u7RztZSbTFDz1prVnhaeCH/JNPUc7FjC2IqisuRveR29nkfHMUlurv7tQU2yQ==",
            "content_md5": "f26928f424607d9f595c46d9500f2b1b",
            "content_sha1": "56dc12a4f1db8246c93dc6660e96561f76a6664c",
            "content_sha256": "810a132ef20b9276783f175080b64542ff889d6dac02216e3241e39a74305431",
            "content_sha512": "83804bf28cfb2c232c5c73a0c365a2d168ead6eed1ced6526d3143cf5a6b56785a7821ff24d3d473b1630b622a8acb91bde476f6791f1cc525babbfbb50536c9",
            "directory_permission": "0777",
            "file_permission": "0777",
            "filename": "./dynamic_inventories/microk8s",
            "id": "56dc12a4f1db8246c93dc6660e96561f76a6664c",
            "sensitive_content": null,
            "source": null
          },
          "sensitive_attributes": [],
          "dependencies": [
            "opennebula_image.os-image",
            "opennebula_virtual_machine.dce-master",
            "opennebula_virtual_machine.dce-node"
          ]
        }
      ]
    },
    {
      "mode": "managed",
      "type": "opennebula_image",
      "name": "os-image",
      "provider": "provider[\"registry.terraform.io/opennebula/opennebula\"]",
      "instances": [
        {
          "schema_version": 0,
          "attributes": {
            "clone_from_image": null,
            "datastore_id": 101,
            "default_tags": {},
            "description": null,
            "dev_prefix": "sd",
            "driver": null,
            "format": null,
            "gid": 1,
            "gname": "users",
            "group": null,
            "id": "435",
            "lock": null,
            "name": "Ubuntu 22.04",
            "path": "https://marketplace.opennebula.io//appliance/4562be1a-4c11-4e9e-b60a-85a045f1de05/download/0",
            "permissions": "600",
            "persistent": false,
            "size": null,
            "tags": null,
            "tags_all": {},
            "target": null,
            "template_section": [],
            "timeout": 20,
            "timeouts": null,
            "type": null,
            "uid": 223,
            "uname": "leheckaj"
          },
          "sensitive_attributes": [],
          "private": "eyJlMmJmYjczMC1lY2FhLTExZTYtOGY4OC0zNDM2M2JjN2M0YzAiOnsiY3JlYXRlIjoxMjAwMDAwMDAwMDAwLCJkZWxldGUiOjEyMDAwMDAwMDAwMDB9fQ=="
        }
      ]
    },
    {
      "mode": "managed",
      "type": "opennebula_virtual_machine",
      "name": "dce-master",
      "provider": "provider[\"registry.terraform.io/opennebula/opennebula\"]",
      "instances": [
        {
          "schema_version": 0,
          "attributes": {
            "context": {
              "HOSTNAME": "$NAME",
              "NETWORK": "YES",
              "SSH_PUBLIC_KEY": "ecdsa-sha2-nistp521 AAAAE2VjZHNhLXNoYTItbmlzdHA1MjEAAAAIbmlzdHA1MjEAAACFBAANFqC3+96fnS0TzRFl3Hh+0vwCCp1Y68LBHHqkRVaRXZQEtA4bs78tEmz1UMSb4/6PLeEyVGWS6+aoOq/LZnzaWwGG//7SKhpyLYwiXnntvJA02eOeW9f6kDDDx1ffHfUOeH2fMC0Apsq2y6W46HL4e2OgTPhHGvlAzs3I6yy21Fw/HA== root@e01e6f0bcde2"
            },
            "cpu": 1,
            "cpumodel": [],
            "default_tags": {},
            "description": "DCE master VM",
            "disk": [
              {
                "cache": "",
                "computed_cache": "",
                "computed_dev_prefix": "sd",
                "computed_discard": "",
                "computed_driver": "raw",
                "computed_io": "",
                "computed_size": 12000,
                "computed_target": "vda",
                "computed_volatile_format": "raw",
                "dev_prefix": "",
                "discard": "",
                "disk_id": 0,
                "driver": "",
                "image_id": 435,
                "io": "",
                "size": 12000,
                "target": "vda",
                "volatile_format": "",
                "volatile_type": ""
              }
            ],
            "gid": 1,
            "gname": "users",
            "graphics": [
              {
                "keymap": "en-us",
                "listen": "0.0.0.0",
                "port": "8615",
                "type": "vnc"
              }
            ],
            "group": "users",
            "hard_shutdown": false,
            "id": "2715",
            "ip": "147.228.173.95",
            "keep_nic_order": null,
            "lcmstate": 3,
            "lock": null,
            "memory": 2048,
            "name": "dce-master",
            "nic": [
              {
                "computed_ip": "147.228.173.95",
                "computed_mac": "52:54:00:17:30:5f",
                "computed_model": "",
                "computed_physical_device": "bond1",
                "computed_security_groups": [],
                "computed_virtio_queues": "",
                "ip": "",
                "mac": "",
                "model": "",
                "network": "vlan173",
                "network_id": 3,
                "nic_id": 0,
                "physical_device": "",
                "security_groups": null,
                "virtio_queues": ""
              }
            ],
            "on_disk_change": "swap",
            "os": [
              {
                "arch": "x86_64",
                "boot": "disk0"
              }
            ],
            "pending": false,
            "permissions": "600",
            "raw": [],
            "sched_ds_requirements": "",
            "sched_requirements": "",
            "state": 3,
            "tags": {
              "role": "master"
            },
            "tags_all": {
              "role": "master"
            },
            "template_disk": [],
            "template_id": -1,
            "template_nic": [],
            "template_section": [],
            "template_section_names": {},
            "template_tags": {},
            "timeout": 20,
            "timeouts": {
              "create": "30m",
              "delete": "30m",
              "update": null
            },
            "uid": 223,
            "uname": "leheckaj",
            "vcpu": 1,
            "vmgroup": null
          },
          "sensitive_attributes": [],
          "private": "eyJlMmJmYjczMC1lY2FhLTExZTYtOGY4OC0zNDM2M2JjN2M0YzAiOnsiY3JlYXRlIjoxODAwMDAwMDAwMDAwLCJkZWxldGUiOjE4MDAwMDAwMDAwMDAsInVwZGF0ZSI6MTIwMDAwMDAwMDAwMH19",
          "dependencies": [
            "opennebula_image.os-image"
          ]
        }
      ]
    },
    {
      "mode": "managed",
      "type": "opennebula_virtual_machine",
      "name": "dce-node",
      "provider": "provider[\"registry.terraform.io/opennebula/opennebula\"]",
      "instances": [
        {
          "index_key": 0,
          "schema_version": 0,
          "attributes": {
            "context": {
              "HOSTNAME": "$NAME",
              "NETWORK": "YES",
              "SSH_PUBLIC_KEY": "ecdsa-sha2-nistp521 AAAAE2VjZHNhLXNoYTItbmlzdHA1MjEAAAAIbmlzdHA1MjEAAACFBAANFqC3+96fnS0TzRFl3Hh+0vwCCp1Y68LBHHqkRVaRXZQEtA4bs78tEmz1UMSb4/6PLeEyVGWS6+aoOq/LZnzaWwGG//7SKhpyLYwiXnntvJA02eOeW9f6kDDDx1ffHfUOeH2fMC0Apsq2y6W46HL4e2OgTPhHGvlAzs3I6yy21Fw/HA== root@e01e6f0bcde2"
            },
            "cpu": 1,
            "cpumodel": [],
            "default_tags": {},
            "description": "DCE node VM #1",
            "disk": [
              {
                "cache": "",
                "computed_cache": "",
                "computed_dev_prefix": "sd",
                "computed_discard": "",
                "computed_driver": "raw",
                "computed_io": "",
                "computed_size": 12000,
                "computed_target": "vda",
                "computed_volatile_format": "raw",
                "dev_prefix": "",
                "discard": "",
                "disk_id": 0,
                "driver": "",
                "image_id": 435,
                "io": "",
                "size": 12000,
                "target": "vda",
                "volatile_format": "",
                "volatile_type": ""
              }
            ],
            "gid": 1,
            "gname": "users",
            "graphics": [
              {
                "keymap": "en-us",
                "listen": "0.0.0.0",
                "port": "8614",
                "type": "vnc"
              }
            ],
            "group": "users",
            "hard_shutdown": false,
            "id": "2714",
            "ip": "147.228.173.93",
            "keep_nic_order": null,
            "lcmstate": 3,
            "lock": null,
            "memory": 2048,
            "name": "dce-node-1",
            "nic": [
              {
                "computed_ip": "147.228.173.93",
                "computed_mac": "52:54:00:17:30:5d",
                "computed_model": "",
                "computed_physical_device": "bond1",
                "computed_security_groups": [],
                "computed_virtio_queues": "",
                "ip": "",
                "mac": "",
                "model": "",
                "network": "vlan173",
                "network_id": 3,
                "nic_id": 0,
                "physical_device": "",
                "security_groups": null,
                "virtio_queues": ""
              }
            ],
            "on_disk_change": "swap",
            "os": [
              {
                "arch": "x86_64",
                "boot": "disk0"
              }
            ],
            "pending": false,
            "permissions": "600",
            "raw": [],
            "sched_ds_requirements": "",
            "sched_requirements": "",
            "state": 3,
            "tags": {
              "role": "node"
            },
            "tags_all": {
              "role": "node"
            },
            "template_disk": [],
            "template_id": -1,
            "template_nic": [],
            "template_section": [],
            "template_section_names": {},
            "template_tags": {},
            "timeout": 20,
            "timeouts": {
              "create": "30m",
              "delete": "30m",
              "update": null
            },
            "uid": 223,
            "uname": "leheckaj",
            "vcpu": 1,
            "vmgroup": null
          },
          "sensitive_attributes": [],
          "private": "eyJlMmJmYjczMC1lY2FhLTExZTYtOGY4OC0zNDM2M2JjN2M0YzAiOnsiY3JlYXRlIjoxODAwMDAwMDAwMDAwLCJkZWxldGUiOjE4MDAwMDAwMDAwMDAsInVwZGF0ZSI6MTIwMDAwMDAwMDAwMH19",
          "dependencies": [
            "opennebula_image.os-image"
          ]
        },
        {
          "index_key": 1,
          "schema_version": 0,
          "attributes": {
            "context": {
              "HOSTNAME": "$NAME",
              "NETWORK": "YES",
              "SSH_PUBLIC_KEY": "ecdsa-sha2-nistp521 AAAAE2VjZHNhLXNoYTItbmlzdHA1MjEAAAAIbmlzdHA1MjEAAACFBAANFqC3+96fnS0TzRFl3Hh+0vwCCp1Y68LBHHqkRVaRXZQEtA4bs78tEmz1UMSb4/6PLeEyVGWS6+aoOq/LZnzaWwGG//7SKhpyLYwiXnntvJA02eOeW9f6kDDDx1ffHfUOeH2fMC0Apsq2y6W46HL4e2OgTPhHGvlAzs3I6yy21Fw/HA== root@e01e6f0bcde2"
            },
            "cpu": 1,
            "cpumodel": [],
            "default_tags": {},
            "description": "DCE node VM #2",
            "disk": [
              {
                "cache": "",
                "computed_cache": "",
                "computed_dev_prefix": "sd",
                "computed_discard": "",
                "computed_driver": "raw",
                "computed_io": "",
                "computed_size": 12000,
                "computed_target": "vda",
                "computed_volatile_format": "raw",
                "dev_prefix": "",
                "discard": "",
                "disk_id": 0,
                "driver": "",
                "image_id": 435,
                "io": "",
                "size": 12000,
                "target": "vda",
                "volatile_format": "",
                "volatile_type": ""
              }
            ],
            "gid": 1,
            "gname": "users",
            "graphics": [
              {
                "keymap": "en-us",
                "listen": "0.0.0.0",
                "port": "8616",
                "type": "vnc"
              }
            ],
            "group": "users",
            "hard_shutdown": false,
            "id": "2716",
            "ip": "147.228.173.96",
            "keep_nic_order": null,
            "lcmstate": 3,
            "lock": null,
            "memory": 2048,
            "name": "dce-node-2",
            "nic": [
              {
                "computed_ip": "147.228.173.96",
                "computed_mac": "52:54:00:17:30:60",
                "computed_model": "",
                "computed_physical_device": "bond1",
                "computed_security_groups": [],
                "computed_virtio_queues": "",
                "ip": "",
                "mac": "",
                "model": "",
                "network": "vlan173",
                "network_id": 3,
                "nic_id": 0,
                "physical_device": "",
                "security_groups": null,
                "virtio_queues": ""
              }
            ],
            "on_disk_change": "swap",
            "os": [
              {
                "arch": "x86_64",
                "boot": "disk0"
              }
            ],
            "pending": false,
            "permissions": "600",
            "raw": [],
            "sched_ds_requirements": "",
            "sched_requirements": "",
            "state": 3,
            "tags": {
              "role": "node"
            },
            "tags_all": {
              "role": "node"
            },
            "template_disk": [],
            "template_id": -1,
            "template_nic": [],
            "template_section": [],
            "template_section_names": {},
            "template_tags": {},
            "timeout": 20,
            "timeouts": {
              "create": "30m",
              "delete": "30m",
              "update": null
            },
            "uid": 223,
            "uname": "leheckaj",
            "vcpu": 1,
            "vmgroup": null
          },
          "sensitive_attributes": [],
          "private": "eyJlMmJmYjczMC1lY2FhLTExZTYtOGY4OC0zNDM2M2JjN2M0YzAiOnsiY3JlYXRlIjoxODAwMDAwMDAwMDAwLCJkZWxldGUiOjE4MDAwMDAwMDAwMDAsInVwZGF0ZSI6MTIwMDAwMDAwMDAwMH19",
          "dependencies": [
            "opennebula_image.os-image"
          ]
        }
      ]
    }
  ],
  "check_results": null
}
